
Microsoft Visual Studio Solution File, Format Version 12.00
# Visual Studio Version 16
VisualStudioVersion = 16.0.31229.75
MinimumVisualStudioVersion = 10.0.40219.1
Project("{2150E333-8FDC-42A3-9474-1A3956D46DE8}") = "BuildingBlocks", "BuildingBlocks", "{DC447F4C-D7F9-4FDC-98C1-78EFF2E309CA}"
EndProject
Project("{2150E333-8FDC-42A3-9474-1A3956D46DE8}") = "Collectors", "Collectors", "{E56361BD-609C-476A-A772-8CA70AE19B08}"
EndProject
Project("{2150E333-8FDC-42A3-9474-1A3956D46DE8}") = "BaseCollector", "BaseCollector", "{62B07E88-9040-49AE-83C1-0D2258D1AF0B}"
EndProject
Project("{2150E333-8FDC-42A3-9474-1A3956D46DE8}") = "Visualset", "Visualset", "{9E74C1B1-DD3C-4829-A5DD-BFBDDDF35666}"
EndProject
Project("{9A19103F-16F7-4668-BE54-9A1E7A4F7556}") = "gRPCBaseCollector", "Collectors\BaseCollector\gRPCBaseCollector\gRPCBaseCollector.csproj", "{91BB83BA-AC2B-480C-B038-A6D84D092BEC}"
EndProject
Project("{9A19103F-16F7-4668-BE54-9A1E7A4F7556}") = "WebsocketBaseCollector", "Collectors\BaseCollector\WebsocketBaseCollector\WebsocketBaseCollector.csproj", "{EA7966AC-8B36-4735-86D0-8721C0933D6A}"
EndProject
Project("{9A19103F-16F7-4668-BE54-9A1E7A4F7556}") = "gRPCVisualset", "Collectors\Visualset\gRPCVisualset\gRPCVisualset.csproj", "{9BB50DB6-A6AE-4FA1-A959-6DD03F5A74BF}"
EndProject
Project("{2150E333-8FDC-42A3-9474-1A3956D46DE8}") = "Markers", "Markers", "{049765D4-494A-489C-AE88-8656279EBD29}"
EndProject
Project("{2150E333-8FDC-42A3-9474-1A3956D46DE8}") = "Protocols", "Protocols", "{9D1BC190-F040-413A-8BE4-8D7DF94369C3}"
EndProject
Project("{9A19103F-16F7-4668-BE54-9A1E7A4F7556}") = "CommandProtocol", "BuildingBlocks\Protocols\CommandProtocol\CommandProtocol.csproj", "{757D73C8-2356-4B85-8403-8E2733884000}"
EndProject
Project("{9A19103F-16F7-4668-BE54-9A1E7A4F7556}") = "ServiceProtocol", "BuildingBlocks\Protocols\ServiceProtocol\ServiceProtocol.csproj", "{CD2A6203-7482-42E4-947B-028D6F4593C9}"
EndProject
Project("{9A19103F-16F7-4668-BE54-9A1E7A4F7556}") = "Web.Marker", "BuildingBlocks\Markers\Web.Marker\Web.Marker.csproj", "{9FC350AD-1235-431A-9180-A9530BA705BA}"
EndProject
Project("{9A19103F-16F7-4668-BE54-9A1E7A4F7556}") = "Logger.Marker", "BuildingBlocks\Markers\Logger.Marker\Logger.Marker.csproj", "{D307E329-4200-4874-A88D-3DA8758D6E9F}"
EndProject
Project("{2150E333-8FDC-42A3-9474-1A3956D46DE8}") = "Factset", "Factset", "{373EC5B8-DBC9-419A-86CF-F19130BE94E3}"
EndProject
Project("{9A19103F-16F7-4668-BE54-9A1E7A4F7556}") = "Base.Marker", "BuildingBlocks\Markers\Base.Marker\Base.Marker.csproj", "{C675A6DF-6EBD-45A1-85D4-48129C203C07}"
EndProject
Project("{2150E333-8FDC-42A3-9474-1A3956D46DE8}") = "Protos", "Protos", "{76171607-AB72-4C23-B1BC-84BC6A1D23D0}"
	ProjectSection(SolutionItems) = preProject
		Protos\MDS.proto = Protos\MDS.proto
	EndProjectSection
EndProject
Project("{9A19103F-16F7-4668-BE54-9A1E7A4F7556}") = "gRPCFactset", "Collectors\Factset\gRPCFactset\gRPCFactset.csproj", "{23210163-A161-4938-914A-804D5F829BAB}"
EndProject
Project("{9A19103F-16F7-4668-BE54-9A1E7A4F7556}") = "FactsetProcessor", "Collectors\Factset\FactsetProcessor\FactsetProcessor.csproj", "{ADBC85FF-ECA3-4F72-AA1A-42B229C7EFF0}"
EndProject
Project("{9A19103F-16F7-4668-BE54-9A1E7A4F7556}") = "ProcessorProtocol", "BuildingBlocks\Protocols\ProcessorProtocol\ProcessorProtocol.csproj", "{877CF738-6656-4907-AA7A-F6FEBACA7B0E}"
EndProject
Project("{9A19103F-16F7-4668-BE54-9A1E7A4F7556}") = "VisualsetProcessor", "Collectors\Visualset\VisualsetProcessor\VisualsetProcessor.csproj", "{3E02546E-1C05-4ECB-AFB9-1DFE276AC4D9}"
EndProject
Project("{2150E333-8FDC-42A3-9474-1A3956D46DE8}") = "Clients", "Clients", "{DE0D8F59-E32E-44E5-8A2A-C84329CABCE8}"
EndProject
Project("{9A19103F-16F7-4668-BE54-9A1E7A4F7556}") = "GrpcClient", "Clients\GrpcClient\GrpcClient.csproj", "{FDEB9399-0BE1-478C-8780-A83FF4D7DC21}"
EndProject
Project("{2150E333-8FDC-42A3-9474-1A3956D46DE8}") = "Test", "Test", "{A5D7399B-DEF5-4616-BD69-ADC9F2C3946A}"
EndProject
Project("{9A19103F-16F7-4668-BE54-9A1E7A4F7556}") = "Factset.Markers", "Collectors\Factset\Factset.Markers\Factset.Markers.csproj", "{F73605AE-040F-46A0-AE1C-302F43A162C9}"
EndProject
Project("{9A19103F-16F7-4668-BE54-9A1E7A4F7556}") = "wsVisualset", "Collectors\Visualset\wsVisualset\wsVisualset.csproj", "{73037DCD-9D63-4F6F-A038-BD5F137D41C0}"
EndProject
Project("{9A19103F-16F7-4668-BE54-9A1E7A4F7556}") = "wsClient", "Clients\wsClient\wsClient.csproj", "{859F82E8-0C17-4A60-8B2B-8AACE9C9A6C9}"
EndProject
Project("{9A19103F-16F7-4668-BE54-9A1E7A4F7556}") = "FactsetProcessorClient", "Collectors\Factset\FactsetProcessorClient\FactsetProcessorClient.csproj", "{220C8553-40A2-48E5-A72F-F59B10BA0E85}"
EndProject
Project("{9A19103F-16F7-4668-BE54-9A1E7A4F7556}") = "wsFactset", "Collectors\Factset\wsFactset\wsFactset.csproj", "{9BCFE0FB-E9C2-46F2-A4F5-28AFD911EE51}"
EndProject
Project("{2150E333-8FDC-42A3-9474-1A3956D46DE8}") = "Markers", "Markers", "{4055D243-6A50-48DD-9212-F83369CE28A1}"
EndProject
Project("{9A19103F-16F7-4668-BE54-9A1E7A4F7556}") = "RequestCreator", "Clients\Makers\RequestCreator\RequestCreator.csproj", "{F58847D1-25C1-4E50-8EAC-E5AA3CD48880}"
EndProject
Project("{9A19103F-16F7-4668-BE54-9A1E7A4F7556}") = "MappingProtocol", "BuildingBlocks\Protocols\MappingProtocol\MappingProtocol.csproj", "{B31DF4B7-964B-4EC1-B919-B95345E3C366}"
EndProject
Global
	GlobalSection(SolutionConfigurationPlatforms) = preSolution
		Debug|Any CPU = Debug|Any CPU
		Release|Any CPU = Release|Any CPU
	EndGlobalSection
	GlobalSection(ProjectConfigurationPlatforms) = postSolution
		{91BB83BA-AC2B-480C-B038-A6D84D092BEC}.Debug|Any CPU.ActiveCfg = Debug|Any CPU
		{91BB83BA-AC2B-480C-B038-A6D84D092BEC}.Debug|Any CPU.Build.0 = Debug|Any CPU
		{91BB83BA-AC2B-480C-B038-A6D84D092BEC}.Release|Any CPU.ActiveCfg = Release|Any CPU
		{91BB83BA-AC2B-480C-B038-A6D84D092BEC}.Release|Any CPU.Build.0 = Release|Any CPU
		{EA7966AC-8B36-4735-86D0-8721C0933D6A}.Debug|Any CPU.ActiveCfg = Debug|Any CPU
		{EA7966AC-8B36-4735-86D0-8721C0933D6A}.Debug|Any CPU.Build.0 = Debug|Any CPU
		{EA7966AC-8B36-4735-86D0-8721C0933D6A}.Release|Any CPU.ActiveCfg = Release|Any CPU
		{EA7966AC-8B36-4735-86D0-8721C0933D6A}.Release|Any CPU.Build.0 = Release|Any CPU
		{9BB50DB6-A6AE-4FA1-A959-6DD03F5A74BF}.Debug|Any CPU.ActiveCfg = Debug|Any CPU
		{9BB50DB6-A6AE-4FA1-A959-6DD03F5A74BF}.Debug|Any CPU.Build.0 = Debug|Any CPU
		{9BB50DB6-A6AE-4FA1-A959-6DD03F5A74BF}.Release|Any CPU.ActiveCfg = Release|Any CPU
		{9BB50DB6-A6AE-4FA1-A959-6DD03F5A74BF}.Release|Any CPU.Build.0 = Release|Any CPU
		{757D73C8-2356-4B85-8403-8E2733884000}.Debug|Any CPU.ActiveCfg = Debug|Any CPU
		{757D73C8-2356-4B85-8403-8E2733884000}.Debug|Any CPU.Build.0 = Debug|Any CPU
		{757D73C8-2356-4B85-8403-8E2733884000}.Release|Any CPU.ActiveCfg = Release|Any CPU
		{757D73C8-2356-4B85-8403-8E2733884000}.Release|Any CPU.Build.0 = Release|Any CPU
		{CD2A6203-7482-42E4-947B-028D6F4593C9}.Debug|Any CPU.ActiveCfg = Debug|Any CPU
		{CD2A6203-7482-42E4-947B-028D6F4593C9}.Debug|Any CPU.Build.0 = Debug|Any CPU
		{CD2A6203-7482-42E4-947B-028D6F4593C9}.Release|Any CPU.ActiveCfg = Release|Any CPU
		{CD2A6203-7482-42E4-947B-028D6F4593C9}.Release|Any CPU.Build.0 = Release|Any CPU
		{9FC350AD-1235-431A-9180-A9530BA705BA}.Debug|Any CPU.ActiveCfg = Debug|Any CPU
		{9FC350AD-1235-431A-9180-A9530BA705BA}.Debug|Any CPU.Build.0 = Debug|Any CPU
		{9FC350AD-1235-431A-9180-A9530BA705BA}.Release|Any CPU.ActiveCfg = Release|Any CPU
		{9FC350AD-1235-431A-9180-A9530BA705BA}.Release|Any CPU.Build.0 = Release|Any CPU
		{D307E329-4200-4874-A88D-3DA8758D6E9F}.Debug|Any CPU.ActiveCfg = Debug|Any CPU
		{D307E329-4200-4874-A88D-3DA8758D6E9F}.Debug|Any CPU.Build.0 = Debug|Any CPU
		{D307E329-4200-4874-A88D-3DA8758D6E9F}.Release|Any CPU.ActiveCfg = Release|Any CPU
		{D307E329-4200-4874-A88D-3DA8758D6E9F}.Release|Any CPU.Build.0 = Release|Any CPU
		{C675A6DF-6EBD-45A1-85D4-48129C203C07}.Debug|Any CPU.ActiveCfg = Debug|Any CPU
		{C675A6DF-6EBD-45A1-85D4-48129C203C07}.Debug|Any CPU.Build.0 = Debug|Any CPU
		{C675A6DF-6EBD-45A1-85D4-48129C203C07}.Release|Any CPU.ActiveCfg = Release|Any CPU
		{C675A6DF-6EBD-45A1-85D4-48129C203C07}.Release|Any CPU.Build.0 = Release|Any CPU
		{23210163-A161-4938-914A-804D5F829BAB}.Debug|Any CPU.ActiveCfg = Debug|Any CPU
		{23210163-A161-4938-914A-804D5F829BAB}.Debug|Any CPU.Build.0 = Debug|Any CPU
		{23210163-A161-4938-914A-804D5F829BAB}.Release|Any CPU.ActiveCfg = Release|Any CPU
		{23210163-A161-4938-914A-804D5F829BAB}.Release|Any CPU.Build.0 = Release|Any CPU
		{ADBC85FF-ECA3-4F72-AA1A-42B229C7EFF0}.Debug|Any CPU.ActiveCfg = Debug|Any CPU
		{ADBC85FF-ECA3-4F72-AA1A-42B229C7EFF0}.Debug|Any CPU.Build.0 = Debug|Any CPU
		{ADBC85FF-ECA3-4F72-AA1A-42B229C7EFF0}.Release|Any CPU.ActiveCfg = Release|Any CPU
		{ADBC85FF-ECA3-4F72-AA1A-42B229C7EFF0}.Release|Any CPU.Build.0 = Release|Any CPU
		{877CF738-6656-4907-AA7A-F6FEBACA7B0E}.Debug|Any CPU.ActiveCfg = Debug|Any CPU
		{877CF738-6656-4907-AA7A-F6FEBACA7B0E}.Debug|Any CPU.Build.0 = Debug|Any CPU
		{877CF738-6656-4907-AA7A-F6FEBACA7B0E}.Release|Any CPU.ActiveCfg = Release|Any CPU
		{877CF738-6656-4907-AA7A-F6FEBACA7B0E}.Release|Any CPU.Build.0 = Release|Any CPU
		{3E02546E-1C05-4ECB-AFB9-1DFE276AC4D9}.Debug|Any CPU.ActiveCfg = Debug|Any CPU
		{3E02546E-1C05-4ECB-AFB9-1DFE276AC4D9}.Debug|Any CPU.Build.0 = Debug|Any CPU
		{3E02546E-1C05-4ECB-AFB9-1DFE276AC4D9}.Release|Any CPU.ActiveCfg = Release|Any CPU
		{3E02546E-1C05-4ECB-AFB9-1DFE276AC4D9}.Release|Any CPU.Build.0 = Release|Any CPU
		{FDEB9399-0BE1-478C-8780-A83FF4D7DC21}.Debug|Any CPU.ActiveCfg = Debug|Any CPU
		{FDEB9399-0BE1-478C-8780-A83FF4D7DC21}.Debug|Any CPU.Build.0 = Debug|Any CPU
		{FDEB9399-0BE1-478C-8780-A83FF4D7DC21}.Release|Any CPU.ActiveCfg = Release|Any CPU
		{FDEB9399-0BE1-478C-8780-A83FF4D7DC21}.Release|Any CPU.Build.0 = Release|Any CPU
		{F73605AE-040F-46A0-AE1C-302F43A162C9}.Debug|Any CPU.ActiveCfg = Debug|Any CPU
		{F73605AE-040F-46A0-AE1C-302F43A162C9}.Debug|Any CPU.Build.0 = Debug|Any CPU
		{F73605AE-040F-46A0-AE1C-302F43A162C9}.Release|Any CPU.ActiveCfg = Release|Any CPU
		{F73605AE-040F-46A0-AE1C-302F43A162C9}.Release|Any CPU.Build.0 = Release|Any CPU
		{73037DCD-9D63-4F6F-A038-BD5F137D41C0}.Debug|Any CPU.ActiveCfg = Debug|Any CPU
		{73037DCD-9D63-4F6F-A038-BD5F137D41C0}.Debug|Any CPU.Build.0 = Debug|Any CPU
		{73037DCD-9D63-4F6F-A038-BD5F137D41C0}.Release|Any CPU.ActiveCfg = Release|Any CPU
		{73037DCD-9D63-4F6F-A038-BD5F137D41C0}.Release|Any CPU.Build.0 = Release|Any CPU
		{859F82E8-0C17-4A60-8B2B-8AACE9C9A6C9}.Debug|Any CPU.ActiveCfg = Debug|Any CPU
		{859F82E8-0C17-4A60-8B2B-8AACE9C9A6C9}.Debug|Any CPU.Build.0 = Debug|Any CPU
		{859F82E8-0C17-4A60-8B2B-8AACE9C9A6C9}.Release|Any CPU.ActiveCfg = Release|Any CPU
		{859F82E8-0C17-4A60-8B2B-8AACE9C9A6C9}.Release|Any CPU.Build.0 = Release|Any CPU
		{220C8553-40A2-48E5-A72F-F59B10BA0E85}.Debug|Any CPU.ActiveCfg = Debug|Any CPU
		{220C8553-40A2-48E5-A72F-F59B10BA0E85}.Debug|Any CPU.Build.0 = Debug|Any CPU
		{220C8553-40A2-48E5-A72F-F59B10BA0E85}.Release|Any CPU.ActiveCfg = Release|Any CPU
		{220C8553-40A2-48E5-A72F-F59B10BA0E85}.Release|Any CPU.Build.0 = Release|Any CPU
		{9BCFE0FB-E9C2-46F2-A4F5-28AFD911EE51}.Debug|Any CPU.ActiveCfg = Debug|Any CPU
		{9BCFE0FB-E9C2-46F2-A4F5-28AFD911EE51}.Debug|Any CPU.Build.0 = Debug|Any CPU
		{9BCFE0FB-E9C2-46F2-A4F5-28AFD911EE51}.Release|Any CPU.ActiveCfg = Release|Any CPU
		{9BCFE0FB-E9C2-46F2-A4F5-28AFD911EE51}.Release|Any CPU.Build.0 = Release|Any CPU
		{F58847D1-25C1-4E50-8EAC-E5AA3CD48880}.Debug|Any CPU.ActiveCfg = Debug|Any CPU
		{F58847D1-25C1-4E50-8EAC-E5AA3CD48880}.Debug|Any CPU.Build.0 = Debug|Any CPU
		{F58847D1-25C1-4E50-8EAC-E5AA3CD48880}.Release|Any CPU.ActiveCfg = Release|Any CPU
		{F58847D1-25C1-4E50-8EAC-E5AA3CD48880}.Release|Any CPU.Build.0 = Release|Any CPU
		{B31DF4B7-964B-4EC1-B919-B95345E3C366}.Debug|Any CPU.ActiveCfg = Debug|Any CPU
		{B31DF4B7-964B-4EC1-B919-B95345E3C366}.Debug|Any CPU.Build.0 = Debug|Any CPU
		{B31DF4B7-964B-4EC1-B919-B95345E3C366}.Release|Any CPU.ActiveCfg = Release|Any CPU
		{B31DF4B7-964B-4EC1-B919-B95345E3C366}.Release|Any CPU.Build.0 = Release|Any CPU
	EndGlobalSection
	GlobalSection(SolutionProperties) = preSolution
		HideSolutionNode = FALSE
	EndGlobalSection
	GlobalSection(NestedProjects) = preSolution
		{62B07E88-9040-49AE-83C1-0D2258D1AF0B} = {E56361BD-609C-476A-A772-8CA70AE19B08}
		{9E74C1B1-DD3C-4829-A5DD-BFBDDDF35666} = {E56361BD-609C-476A-A772-8CA70AE19B08}
		{91BB83BA-AC2B-480C-B038-A6D84D092BEC} = {62B07E88-9040-49AE-83C1-0D2258D1AF0B}
		{EA7966AC-8B36-4735-86D0-8721C0933D6A} = {62B07E88-9040-49AE-83C1-0D2258D1AF0B}
		{9BB50DB6-A6AE-4FA1-A959-6DD03F5A74BF} = {9E74C1B1-DD3C-4829-A5DD-BFBDDDF35666}
		{049765D4-494A-489C-AE88-8656279EBD29} = {DC447F4C-D7F9-4FDC-98C1-78EFF2E309CA}
		{9D1BC190-F040-413A-8BE4-8D7DF94369C3} = {DC447F4C-D7F9-4FDC-98C1-78EFF2E309CA}
		{757D73C8-2356-4B85-8403-8E2733884000} = {9D1BC190-F040-413A-8BE4-8D7DF94369C3}
		{CD2A6203-7482-42E4-947B-028D6F4593C9} = {9D1BC190-F040-413A-8BE4-8D7DF94369C3}
		{9FC350AD-1235-431A-9180-A9530BA705BA} = {049765D4-494A-489C-AE88-8656279EBD29}
		{D307E329-4200-4874-A88D-3DA8758D6E9F} = {049765D4-494A-489C-AE88-8656279EBD29}
		{373EC5B8-DBC9-419A-86CF-F19130BE94E3} = {E56361BD-609C-476A-A772-8CA70AE19B08}
		{C675A6DF-6EBD-45A1-85D4-48129C203C07} = {049765D4-494A-489C-AE88-8656279EBD29}
		{23210163-A161-4938-914A-804D5F829BAB} = {373EC5B8-DBC9-419A-86CF-F19130BE94E3}
		{ADBC85FF-ECA3-4F72-AA1A-42B229C7EFF0} = {373EC5B8-DBC9-419A-86CF-F19130BE94E3}
		{877CF738-6656-4907-AA7A-F6FEBACA7B0E} = {9D1BC190-F040-413A-8BE4-8D7DF94369C3}
		{3E02546E-1C05-4ECB-AFB9-1DFE276AC4D9} = {9E74C1B1-DD3C-4829-A5DD-BFBDDDF35666}
		{FDEB9399-0BE1-478C-8780-A83FF4D7DC21} = {DE0D8F59-E32E-44E5-8A2A-C84329CABCE8}
		{F73605AE-040F-46A0-AE1C-302F43A162C9} = {373EC5B8-DBC9-419A-86CF-F19130BE94E3}
		{73037DCD-9D63-4F6F-A038-BD5F137D41C0} = {9E74C1B1-DD3C-4829-A5DD-BFBDDDF35666}
		{859F82E8-0C17-4A60-8B2B-8AACE9C9A6C9} = {DE0D8F59-E32E-44E5-8A2A-C84329CABCE8}
		{220C8553-40A2-48E5-A72F-F59B10BA0E85} = {373EC5B8-DBC9-419A-86CF-F19130BE94E3}
		{9BCFE0FB-E9C2-46F2-A4F5-28AFD911EE51} = {373EC5B8-DBC9-419A-86CF-F19130BE94E3}
		{4055D243-6A50-48DD-9212-F83369CE28A1} = {DE0D8F59-E32E-44E5-8A2A-C84329CABCE8}
		{F58847D1-25C1-4E50-8EAC-E5AA3CD48880} = {4055D243-6A50-48DD-9212-F83369CE28A1}
		{B31DF4B7-964B-4EC1-B919-B95345E3C366} = {9D1BC190-F040-413A-8BE4-8D7DF94369C3}
	EndGlobalSection
	GlobalSection(ExtensibilityGlobals) = postSolution
		SolutionGuid = {D04E3779-0610-4452-BA4C-D93381CD5CB4}
	EndGlobalSection
EndGlobal
